// !$*UTF8*$!
{
	archiveVersion = 1;
	classes = {
	};
	objectVersion = 50;
	objects = {

/* Begin PBXBuildFile section */
		F283A89C24044E5B00B459AE /* AppDelegate.swift in Sources */ = {isa = PBXBuildFile; fileRef = F283A89B24044E5B00B459AE /* AppDelegate.swift */; };
		F283A89E24044E5B00B459AE /* SceneDelegate.swift in Sources */ = {isa = PBXBuildFile; fileRef = F283A89D24044E5B00B459AE /* SceneDelegate.swift */; };
		F283A8A024044E5B00B459AE /* ViewController.swift in Sources */ = {isa = PBXBuildFile; fileRef = F283A89F24044E5B00B459AE /* ViewController.swift */; };
		F283A8A324044E5B00B459AE /* Main.storyboard in Resources */ = {isa = PBXBuildFile; fileRef = F283A8A124044E5B00B459AE /* Main.storyboard */; };
		F283A8A524044E5F00B459AE /* Assets.xcassets in Resources */ = {isa = PBXBuildFile; fileRef = F283A8A424044E5F00B459AE /* Assets.xcassets */; };
		F283A8A824044E5F00B459AE /* LaunchScreen.storyboard in Resources */ = {isa = PBXBuildFile; fileRef = F283A8A624044E5F00B459AE /* LaunchScreen.storyboard */; };
		F283A8B324044E5F00B459AE /* example_shoppe_iosTests.swift in Sources */ = {isa = PBXBuildFile; fileRef = F283A8B224044E5F00B459AE /* example_shoppe_iosTests.swift */; };
		F283A8BE24044E6000B459AE /* example_shoppe_iosUITests.swift in Sources */ = {isa = PBXBuildFile; fileRef = F283A8BD24044E6000B459AE /* example_shoppe_iosUITests.swift */; };
		F283A8CC24044E8500B459AE /* README.md in Resources */ = {isa = PBXBuildFile; fileRef = F283A8CB24044E8500B459AE /* README.md */; };
/* End PBXBuildFile section */

/* Begin PBXContainerItemProxy section */
		F283A8AF24044E5F00B459AE /* PBXContainerItemProxy */ = {
			isa = PBXContainerItemProxy;
			containerPortal = F283A89024044E5B00B459AE /* Project object */;
			proxyType = 1;
			remoteGlobalIDString = F283A89724044E5B00B459AE;
			remoteInfo = "example-shoppe-ios";
		};
		F283A8BA24044E6000B459AE /* PBXContainerItemProxy */ = {
			isa = PBXContainerItemProxy;
			containerPortal = F283A89024044E5B00B459AE /* Project object */;
			proxyType = 1;
			remoteGlobalIDString = F283A89724044E5B00B459AE;
			remoteInfo = "example-shoppe-ios";
		};
/* End PBXContainerItemProxy section */

/* Begin PBXFileReference section */
		F283A89824044E5B00B459AE /* example-shoppe-ios.app */ = {isa = PBXFileReference; explicitFileType = wrapper.application; includeInIndex = 0; path = "example-shoppe-ios.app"; sourceTree = BUILT_PRODUCTS_DIR; };
		F283A89B24044E5B00B459AE /* AppDelegate.swift */ = {isa = PBXFileReference; lastKnownFileType = sourcecode.swift; path = AppDelegate.swift; sourceTree = "<group>"; };
		F283A89D24044E5B00B459AE /* SceneDelegate.swift */ = {isa = PBXFileReference; lastKnownFileType = sourcecode.swift; path = SceneDelegate.swift; sourceTree = "<group>"; };
		F283A89F24044E5B00B459AE /* ViewController.swift */ = {isa = PBXFileReference; lastKnownFileType = sourcecode.swift; path = ViewController.swift; sourceTree = "<group>"; };
		F283A8A224044E5B00B459AE /* Base */ = {isa = PBXFileReference; lastKnownFileType = file.storyboard; name = Base; path = Base.lproj/Main.storyboard; sourceTree = "<group>"; };
		F283A8A424044E5F00B459AE /* Assets.xcassets */ = {isa = PBXFileReference; lastKnownFileType = folder.assetcatalog; path = Assets.xcassets; sourceTree = "<group>"; };
		F283A8A724044E5F00B459AE /* Base */ = {isa = PBXFileReference; lastKnownFileType = file.storyboard; name = Base; path = Base.lproj/LaunchScreen.storyboard; sourceTree = "<group>"; };
		F283A8A924044E5F00B459AE /* Info.plist */ = {isa = PBXFileReference; lastKnownFileType = text.plist.xml; path = Info.plist; sourceTree = "<group>"; };
		F283A8AE24044E5F00B459AE /* example-shoppe-iosTests.xctest */ = {isa = PBXFileReference; explicitFileType = wrapper.cfbundle; includeInIndex = 0; path = "example-shoppe-iosTests.xctest"; sourceTree = BUILT_PRODUCTS_DIR; };
		F283A8B224044E5F00B459AE /* example_shoppe_iosTests.swift */ = {isa = PBXFileReference; lastKnownFileType = sourcecode.swift; path = example_shoppe_iosTests.swift; sourceTree = "<group>"; };
		F283A8B424044E5F00B459AE /* Info.plist */ = {isa = PBXFileReference; lastKnownFileType = text.plist.xml; path = Info.plist; sourceTree = "<group>"; };
		F283A8B924044E6000B459AE /* example-shoppe-iosUITests.xctest */ = {isa = PBXFileReference; explicitFileType = wrapper.cfbundle; includeInIndex = 0; path = "example-shoppe-iosUITests.xctest"; sourceTree = BUILT_PRODUCTS_DIR; };
		F283A8BD24044E6000B459AE /* example_shoppe_iosUITests.swift */ = {isa = PBXFileReference; lastKnownFileType = sourcecode.swift; path = example_shoppe_iosUITests.swift; sourceTree = "<group>"; };
		F283A8BF24044E6000B459AE /* Info.plist */ = {isa = PBXFileReference; lastKnownFileType = text.plist.xml; path = Info.plist; sourceTree = "<group>"; };
		F283A8CB24044E8500B459AE /* README.md */ = {isa = PBXFileReference; fileEncoding = 4; lastKnownFileType = net.daringfireball.markdown; name = README.md; path = ../README.md; sourceTree = "<group>"; };
/* End PBXFileReference section */

/* Begin PBXFrameworksBuildPhase section */
		F283A89524044E5B00B459AE /* Frameworks */ = {
			isa = PBXFrameworksBuildPhase;
			buildActionMask = 2147483647;
			files = (
			);
			runOnlyForDeploymentPostprocessing = 0;
		};
		F283A8AB24044E5F00B459AE /* Frameworks */ = {
			isa = PBXFrameworksBuildPhase;
			buildActionMask = 2147483647;
			files = (
			);
			runOnlyForDeploymentPostprocessing = 0;
		};
		F283A8B624044E6000B459AE /* Frameworks */ = {
			isa = PBXFrameworksBuildPhase;
			buildActionMask = 2147483647;
			files = (
			);
			runOnlyForDeploymentPostprocessing = 0;
		};
/* End PBXFrameworksBuildPhase section */

/* Begin PBXGroup section */
		F283A88F24044E5B00B459AE = {
			isa = PBXGroup;
			children = (
				F283A8CB24044E8500B459AE /* README.md */,
				F283A89A24044E5B00B459AE /* example-shoppe-ios */,
				F283A8B124044E5F00B459AE /* example-shoppe-iosTests */,
				F283A8BC24044E6000B459AE /* example-shoppe-iosUITests */,
				F283A89924044E5B00B459AE /* Products */,
			);
			sourceTree = "<group>";
		};
		F283A89924044E5B00B459AE /* Products */ = {
			isa = PBXGroup;
			children = (
				F283A89824044E5B00B459AE /* example-shoppe-ios.app */,
				F283A8AE24044E5F00B459AE /* example-shoppe-iosTests.xctest */,
				F283A8B924044E6000B459AE /* example-shoppe-iosUITests.xctest */,
			);
			name = Products;
			sourceTree = "<group>";
		};
		F283A89A24044E5B00B459AE /* example-shoppe-ios */ = {
			isa = PBXGroup;
			children = (
				F283A89B24044E5B00B459AE /* AppDelegate.swift */,
				F283A89D24044E5B00B459AE /* SceneDelegate.swift */,
				F283A89F24044E5B00B459AE /* ViewController.swift */,
				F283A8A124044E5B00B459AE /* Main.storyboard */,
				F283A8A424044E5F00B459AE /* Assets.xcassets */,
				F283A8A624044E5F00B459AE /* LaunchScreen.storyboard */,
				F283A8A924044E5F00B459AE /* Info.plist */,
			);
			path = "example-shoppe-ios";
			sourceTree = "<group>";
		};
		F283A8B124044E5F00B459AE /* example-shoppe-iosTests */ = {
			isa = PBXGroup;
			children = (
				F283A8B224044E5F00B459AE /* example_shoppe_iosTests.swift */,
				F283A8B424044E5F00B459AE /* Info.plist */,
			);
			path = "example-shoppe-iosTests";
			sourceTree = "<group>";
		};
		F283A8BC24044E6000B459AE /* example-shoppe-iosUITests */ = {
			isa = PBXGroup;
			children = (
				F283A8BD24044E6000B459AE /* example_shoppe_iosUITests.swift */,
				F283A8BF24044E6000B459AE /* Info.plist */,
			);
			path = "example-shoppe-iosUITests";
			sourceTree = "<group>";
		};
/* End PBXGroup section */

/* Begin PBXNativeTarget section */
		F283A89724044E5B00B459AE /* example-shoppe-ios */ = {
			isa = PBXNativeTarget;
			buildConfigurationList = F283A8C224044E6000B459AE /* Build configuration list for PBXNativeTarget "example-shoppe-ios" */;
			buildPhases = (
				F283A89424044E5B00B459AE /* Sources */,
				F283A89524044E5B00B459AE /* Frameworks */,
				F283A89624044E5B00B459AE /* Resources */,
			);
			buildRules = (
			);
			dependencies = (
			);
			name = "example-shoppe-ios";
			productName = "example-shoppe-ios";
			productReference = F283A89824044E5B00B459AE /* example-shoppe-ios.app */;
			productType = "com.apple.product-type.application";
		};
		F283A8AD24044E5F00B459AE /* example-shoppe-iosTests */ = {
			isa = PBXNativeTarget;
			buildConfigurationList = F283A8C524044E6000B459AE /* Build configuration list for PBXNativeTarget "example-shoppe-iosTests" */;
			buildPhases = (
				F283A8AA24044E5F00B459AE /* Sources */,
				F283A8AB24044E5F00B459AE /* Frameworks */,
				F283A8AC24044E5F00B459AE /* Resources */,
			);
			buildRules = (
			);
			dependencies = (
				F283A8B024044E5F00B459AE /* PBXTargetDependency */,
			);
			name = "example-shoppe-iosTests";
			productName = "example-shoppe-iosTests";
			productReference = F283A8AE24044E5F00B459AE /* example-shoppe-iosTests.xctest */;
			productType = "com.apple.product-type.bundle.unit-test";
		};
		F283A8B824044E6000B459AE /* example-shoppe-iosUITests */ = {
			isa = PBXNativeTarget;
			buildConfigurationList = F283A8C824044E6000B459AE /* Build configuration list for PBXNativeTarget "example-shoppe-iosUITests" */;
			buildPhases = (
				F283A8B524044E6000B459AE /* Sources */,
				F283A8B624044E6000B459AE /* Frameworks */,
				F283A8B724044E6000B459AE /* Resources */,
			);
			buildRules = (
			);
			dependencies = (
				F283A8BB24044E6000B459AE /* PBXTargetDependency */,
			);
			name = "example-shoppe-iosUITests";
			productName = "example-shoppe-iosUITests";
			productReference = F283A8B924044E6000B459AE /* example-shoppe-iosUITests.xctest */;
			productType = "com.apple.product-type.bundle.ui-testing";
		};
/* End PBXNativeTarget section */

/* Begin PBXProject section */
		F283A89024044E5B00B459AE /* Project object */ = {
			isa = PBXProject;
			attributes = {
				LastSwiftUpdateCheck = 1130;
				LastUpgradeCheck = 1130;
				ORGANIZATIONNAME = "Harold Davis Jr.";
				TargetAttributes = {
					F283A89724044E5B00B459AE = {
						CreatedOnToolsVersion = 11.3.1;
					};
					F283A8AD24044E5F00B459AE = {
						CreatedOnToolsVersion = 11.3.1;
						TestTargetID = F283A89724044E5B00B459AE;
					};
					F283A8B824044E6000B459AE = {
						CreatedOnToolsVersion = 11.3.1;
						TestTargetID = F283A89724044E5B00B459AE;
					};
				};
			};
			buildConfigurationList = F283A89324044E5B00B459AE /* Build configuration list for PBXProject "example-shoppe-ios" */;
			compatibilityVersion = "Xcode 9.3";
			developmentRegion = en;
			hasScannedForEncodings = 0;
			knownRegions = (
				en,
				Base,
			);
			mainGroup = F283A88F24044E5B00B459AE;
			productRefGroup = F283A89924044E5B00B459AE /* Products */;
			projectDirPath = "";
			projectRoot = "";
			targets = (
				F283A89724044E5B00B459AE /* example-shoppe-ios */,
				F283A8AD24044E5F00B459AE /* example-shoppe-iosTests */,
				F283A8B824044E6000B459AE /* example-shoppe-iosUITests */,
			);
		};
/* End PBXProject section */

/* Begin PBXResourcesBuildPhase section */
		F283A89624044E5B00B459AE /* Resources */ = {
			isa = PBXResourcesBuildPhase;
			buildActionMask = 2147483647;
			files = (
				F283A8A824044E5F00B459AE /* LaunchScreen.storyboard in Resources */,
				F283A8A524044E5F00B459AE /* Assets.xcassets in Resources */,
				F283A8CC24044E8500B459AE /* README.md in Resources */,
				F283A8A324044E5B00B459AE /* Main.storyboard in Resources */,
			);
			runOnlyForDeploymentPostprocessing = 0;
		};
		F283A8AC24044E5F00B459AE /* Resources */ = {
			isa = PBXResourcesBuildPhase;
			buildActionMask = 2147483647;
			files = (
			);
			runOnlyForDeploymentPostprocessing = 0;
		};
		F283A8B724044E6000B459AE /* Resources */ = {
			isa = PBXResourcesBuildPhase;
			buildActionMask = 2147483647;
			files = (
			);
			runOnlyForDeploymentPostprocessing = 0;
		};
/* End PBXResourcesBuildPhase section */

/* Begin PBXSourcesBuildPhase section */
		F283A89424044E5B00B459AE /* Sources */ = {
			isa = PBXSourcesBuildPhase;
			buildActionMask = 2147483647;
			files = (
				F283A8A024044E5B00B459AE /* ViewController.swift in Sources */,
				F283A89C24044E5B00B459AE /* AppDelegate.swift in Sources */,
				F283A89E24044E5B00B459AE /* SceneDelegate.swift in Sources */,
			);
			runOnlyForDeploymentPostprocessing = 0;
		};
		F283A8AA24044E5F00B459AE /* Sources */ = {
			isa = PBXSourcesBuildPhase;
			buildActionMask = 2147483647;
			files = (
				F283A8B324044E5F00B459AE /* example_shoppe_iosTests.swift in Sources */,
			);
			runOnlyForDeploymentPostprocessing = 0;
		};
		F283A8B524044E6000B459AE /* Sources */ = {
			isa = PBXSourcesBuildPhase;
			buildActionMask = 2147483647;
			files = (
				F283A8BE24044E6000B459AE /* example_shoppe_iosUITests.swift in Sources */,
			);
			runOnlyForDeploymentPostprocessing = 0;
		};
/* End PBXSourcesBuildPhase section */

/* Begin PBXTargetDependency section */
		F283A8B024044E5F00B459AE /* PBXTargetDependency */ = {
			isa = PBXTargetDependency;
			target = F283A89724044E5B00B459AE /* example-shoppe-ios */;
			targetProxy = F283A8AF24044E5F00B459AE /* PBXContainerItemProxy */;
		};
		F283A8BB24044E6000B459AE /* PBXTargetDependency */ = {
			isa = PBXTargetDependency;
			target = F283A89724044E5B00B459AE /* example-shoppe-ios */;
			targetProxy = F283A8BA24044E6000B459AE /* PBXContainerItemProxy */;
		};
/* End PBXTargetDependency section */

/* Begin PBXVariantGroup section */
		F283A8A124044E5B00B459AE /* Main.storyboard */ = {
			isa = PBXVariantGroup;
			children = (
				F283A8A224044E5B00B459AE /* Base */,
			);
			name = Main.storyboard;
			sourceTree = "<group>";
		};
		F283A8A624044E5F00B459AE /* LaunchScreen.storyboard */ = {
			isa = PBXVariantGroup;
			children = (
				F283A8A724044E5F00B459AE /* Base */,
			);
			name = LaunchScreen.storyboard;
			sourceTree = "<group>";
		};
/* End PBXVariantGroup section */

/* Begin XCBuildConfiguration section */
		F283A8C024044E6000B459AE /* Debug */ = {
			isa = XCBuildConfiguration;
			buildSettings = {
				ALWAYS_SEARCH_USER_PATHS = NO;
				CLANG_ANALYZER_NONNULL = YES;
				CLANG_ANALYZER_NUMBER_OBJECT_CONVERSION = YES_AGGRESSIVE;
				CLANG_CXX_LANGUAGE_STANDARD = "gnu++14";
				CLANG_CXX_LIBRARY = "libc++";
				CLANG_ENABLE_MODULES = YES;
				CLANG_ENABLE_OBJC_ARC = YES;
				CLANG_ENABLE_OBJC_WEAK = YES;
				CLANG_WARN_BLOCK_CAPTURE_AUTORELEASING = YES;
				CLANG_WARN_BOOL_CONVERSION = YES;
				CLANG_WARN_COMMA = YES;
				CLANG_WARN_CONSTANT_CONVERSION = YES;
				CLANG_WARN_DEPRECATED_OBJC_IMPLEMENTATIONS = YES;
				CLANG_WARN_DIRECT_OBJC_ISA_USAGE = YES_ERROR;
				CLANG_WARN_DOCUMENTATION_COMMENTS = YES;
				CLANG_WARN_EMPTY_BODY = YES;
				CLANG_WARN_ENUM_CONVERSION = YES;
				CLANG_WARN_INFINITE_RECURSION = YES;
				CLANG_WARN_INT_CONVERSION = YES;
				CLANG_WARN_NON_LITERAL_NULL_CONVERSION = YES;
				CLANG_WARN_OBJC_IMPLICIT_RETAIN_SELF = YES;
				CLANG_WARN_OBJC_LITERAL_CONVERSION = YES;
				CLANG_WARN_OBJC_ROOT_CLASS = YES_ERROR;
				CLANG_WARN_RANGE_LOOP_ANALYSIS = YES;
				CLANG_WARN_STRICT_PROTOTYPES = YES;
				CLANG_WARN_SUSPICIOUS_MOVE = YES;
				CLANG_WARN_UNGUARDED_AVAILABILITY = YES_AGGRESSIVE;
				CLANG_WARN_UNREACHABLE_CODE = YES;
				CLANG_WARN__DUPLICATE_METHOD_MATCH = YES;
				COPY_PHASE_STRIP = NO;
				DEBUG_INFORMATION_FORMAT = dwarf;
				ENABLE_STRICT_OBJC_MSGSEND = YES;
				ENABLE_TESTABILITY = YES;
				GCC_C_LANGUAGE_STANDARD = gnu11;
				GCC_DYNAMIC_NO_PIC = NO;
				GCC_NO_COMMON_BLOCKS = YES;
				GCC_OPTIMIZATION_LEVEL = 0;
				GCC_PREPROCESSOR_DEFINITIONS = (
					"DEBUG=1",
					"$(inherited)",
				);
				GCC_WARN_64_TO_32_BIT_CONVERSION = YES;
				GCC_WARN_ABOUT_RETURN_TYPE = YES_ERROR;
				GCC_WARN_UNDECLARED_SELECTOR = YES;
				GCC_WARN_UNINITIALIZED_AUTOS = YES_AGGRESSIVE;
				GCC_WARN_UNUSED_FUNCTION = YES;
				GCC_WARN_UNUSED_VARIABLE = YES;
				IPHONEOS_DEPLOYMENT_TARGET = 13.2;
				MTL_ENABLE_DEBUG_INFO = INCLUDE_SOURCE;
				MTL_FAST_MATH = YES;
				ONLY_ACTIVE_ARCH = YES;
				SDKROOT = iphoneos;
				SWIFT_ACTIVE_COMPILATION_CONDITIONS = DEBUG;
				SWIFT_OPTIMIZATION_LEVEL = "-Onone";
			};
			name = Debug;
		};
		F283A8C124044E6000B459AE /* Release */ = {
			isa = XCBuildConfiguration;
			buildSettings = {
				ALWAYS_SEARCH_USER_PATHS = NO;
				CLANG_ANALYZER_NONNULL = YES;
				CLANG_ANALYZER_NUMBER_OBJECT_CONVERSION = YES_AGGRESSIVE;
				CLANG_CXX_LANGUAGE_STANDARD = "gnu++14";
				CLANG_CXX_LIBRARY = "libc++";
				CLANG_ENABLE_MODULES = YES;
				CLANG_ENABLE_OBJC_ARC = YES;
				CLANG_ENABLE_OBJC_WEAK = YES;
				CLANG_WARN_BLOCK_CAPTURE_AUTORELEASING = YES;
				CLANG_WARN_BOOL_CONVERSION = YES;
				CLANG_WARN_COMMA = YES;
				CLANG_WARN_CONSTANT_CONVERSION = YES;
				CLANG_WARN_DEPRECATED_OBJC_IMPLEMENTATIONS = YES;
				CLANG_WARN_DIRECT_OBJC_ISA_USAGE = YES_ERROR;
				CLANG_WARN_DOCUMENTATION_COMMENTS = YES;
				CLANG_WARN_EMPTY_BODY = YES;
				CLANG_WARN_ENUM_CONVERSION = YES;
				CLANG_WARN_INFINITE_RECURSION = YES;
				CLANG_WARN_INT_CONVERSION = YES;
				CLANG_WARN_NON_LITERAL_NULL_CONVERSION = YES;
				CLANG_WARN_OBJC_IMPLICIT_RETAIN_SELF = YES;
				CLANG_WARN_OBJC_LITERAL_CONVERSION = YES;
				CLANG_WARN_OBJC_ROOT_CLASS = YES_ERROR;
				CLANG_WARN_RANGE_LOOP_ANALYSIS = YES;
				CLANG_WARN_STRICT_PROTOTYPES = YES;
				CLANG_WARN_SUSPICIOUS_MOVE = YES;
				CLANG_WARN_UNGUARDED_AVAILABILITY = YES_AGGRESSIVE;
				CLANG_WARN_UNREACHABLE_CODE = YES;
				CLANG_WARN__DUPLICATE_METHOD_MATCH = YES;
				COPY_PHASE_STRIP = NO;
				DEBUG_INFORMATION_FORMAT = "dwarf-with-dsym";
				ENABLE_NS_ASSERTIONS = NO;
				ENABLE_STRICT_OBJC_MSGSEND = YES;
				GCC_C_LANGUAGE_STANDARD = gnu11;
				GCC_NO_COMMON_BLOCKS = YES;
				GCC_WARN_64_TO_32_BIT_CONVERSION = YES;
				GCC_WARN_ABOUT_RETURN_TYPE = YES_ERROR;
				GCC_WARN_UNDECLARED_SELECTOR = YES;
				GCC_WARN_UNINITIALIZED_AUTOS = YES_AGGRESSIVE;
				GCC_WARN_UNUSED_FUNCTION = YES;
				GCC_WARN_UNUSED_VARIABLE = YES;
				IPHONEOS_DEPLOYMENT_TARGET = 13.2;
				MTL_ENABLE_DEBUG_INFO = NO;
				MTL_FAST_MATH = YES;
				SDKROOT = iphoneos;
				SWIFT_COMPILATION_MODE = wholemodule;
				SWIFT_OPTIMIZATION_LEVEL = "-O";
				VALIDATE_PRODUCT = YES;
			};
			name = Release;
		};
		F283A8C324044E6000B459AE /* Debug */ = {
			isa = XCBuildConfiguration;
			buildSettings = {
				ASSETCATALOG_COMPILER_APPICON_NAME = AppIcon;
				CODE_SIGN_STYLE = Automatic;
				DEVELOPMENT_TEAM = AJZ8YNH2N6;
				INFOPLIST_FILE = "example-shoppe-ios/Info.plist";
				LD_RUNPATH_SEARCH_PATHS = (
					"$(inherited)",
					"@executable_path/Frameworks",
				);
				PRODUCT_BUNDLE_IDENTIFIER = "com.FullStory.example-shoppe-ios";
				PRODUCT_NAME = "$(TARGET_NAME)";
				SWIFT_VERSION = 5.0;
				TARGETED_DEVICE_FAMILY = "1,2";
			};
			name = Debug;
		};
		F283A8C424044E6000B459AE /* Release */ = {
			isa = XCBuildConfiguration;
			buildSettings = {
				ASSETCATALOG_COMPILER_APPICON_NAME = AppIcon;
				CODE_SIGN_STYLE = Automatic;
				DEVELOPMENT_TEAM = AJZ8YNH2N6;
				INFOPLIST_FILE = "example-shoppe-ios/Info.plist";
				LD_RUNPATH_SEARCH_PATHS = (
					"$(inherited)",
					"@executable_path/Frameworks",
				);
				PRODUCT_BUNDLE_IDENTIFIER = "com.FullStory.example-shoppe-ios";
				PRODUCT_NAME = "$(TARGET_NAME)";
				SWIFT_VERSION = 5.0;
				TARGETED_DEVICE_FAMILY = "1,2";
			};
			name = Release;
		};
		F283A8C624044E6000B459AE /* Debug */ = {
			isa = XCBuildConfiguration;
			buildSettings = {
				ALWAYS_EMBED_SWIFT_STANDARD_LIBRARIES = YES;
				BUNDLE_LOADER = "$(TEST_HOST)";
				CODE_SIGN_STYLE = Automatic;
				DEVELOPMENT_TEAM = AJZ8YNH2N6;
				INFOPLIST_FILE = "example-shoppe-iosTests/Info.plist";
				IPHONEOS_DEPLOYMENT_TARGET = 13.2;
				LD_RUNPATH_SEARCH_PATHS = (
					"$(inherited)",
					"@executable_path/Frameworks",
					"@loader_path/Frameworks",
				);
				PRODUCT_BUNDLE_IDENTIFIER = "com.FullStory.example-shoppe-iosTests";
				PRODUCT_NAME = "$(TARGET_NAME)";
				SWIFT_VERSION = 5.0;
				TARGETED_DEVICE_FAMILY = "1,2";
				TEST_HOST = "$(BUILT_PRODUCTS_DIR)/example-shoppe-ios.app/example-shoppe-ios";
			};
			name = Debug;
		};
		F283A8C724044E6000B459AE /* Release */ = {
			isa = XCBuildConfiguration;
			buildSettings = {
				ALWAYS_EMBED_SWIFT_STANDARD_LIBRARIES = YES;
				BUNDLE_LOADER = "$(TEST_HOST)";
				CODE_SIGN_STYLE = Automatic;
				DEVELOPMENT_TEAM = AJZ8YNH2N6;
				INFOPLIST_FILE = "example-shoppe-iosTests/Info.plist";
				IPHONEOS_DEPLOYMENT_TARGET = 13.2;
				LD_RUNPATH_SEARCH_PATHS = (
					"$(inherited)",
					"@executable_path/Frameworks",
					"@loader_path/Frameworks",
				);
				PRODUCT_BUNDLE_IDENTIFIER = "com.FullStory.example-shoppe-iosTests";
				PRODUCT_NAME = "$(TARGET_NAME)";
				SWIFT_VERSION = 5.0;
				TARGETED_DEVICE_FAMILY = "1,2";
				TEST_HOST = "$(BUILT_PRODUCTS_DIR)/example-shoppe-ios.app/example-shoppe-ios";
			};
			name = Release;
		};
		F283A8C924044E6000B459AE /* Debug */ = {
			isa = XCBuildConfiguration;
			buildSettings = {
				ALWAYS_EMBED_SWIFT_STANDARD_LIBRARIES = YES;
				CODE_SIGN_STYLE = Automatic;
				DEVELOPMENT_TEAM = AJZ8YNH2N6;
				INFOPLIST_FILE = "example-shoppe-iosUITests/Info.plist";
				LD_RUNPATH_SEARCH_PATHS = (
					"$(inherited)",
					"@executable_path/Frameworks",
					"@loader_path/Frameworks",
				);
				PRODUCT_BUNDLE_IDENTIFIER = "com.FullStory.example-shoppe-iosUITests";
				PRODUCT_NAME = "$(TARGET_NAME)";
				SWIFT_VERSION = 5.0;
				TARGETED_DEVICE_FAMILY = "1,2";
				TEST_TARGET_NAME = "example-shoppe-ios";
			};
			name = Debug;
		};
		F283A8CA24044E6000B459AE /* Release */ = {
			isa = XCBuildConfiguration;
			buildSettings = {
				ALWAYS_EMBED_SWIFT_STANDARD_LIBRARIES = YES;
				CODE_SIGN_STYLE = Automatic;
				DEVELOPMENT_TEAM = AJZ8YNH2N6;
				INFOPLIST_FILE = "example-shoppe-iosUITests/Info.plist";
				LD_RUNPATH_SEARCH_PATHS = (
					"$(inherited)",
					"@executable_path/Frameworks",
					"@loader_path/Frameworks",
				);
				PRODUCT_BUNDLE_IDENTIFIER = "com.FullStory.example-shoppe-iosUITests";
				PRODUCT_NAME = "$(TARGET_NAME)";
				SWIFT_VERSION = 5.0;
				TARGETED_DEVICE_FAMILY = "1,2";
				TEST_TARGET_NAME = "example-shoppe-ios";
			};
			name = Release;
		};
/* End XCBuildConfiguration section */

/* Begin XCConfigurationList section */
		F283A89324044E5B00B459AE /* Build configuration list for PBXProject "example-shoppe-ios" */ = {
			isa = XCConfigurationList;
			buildConfigurations = (
				F283A8C024044E6000B459AE /* Debug */,
				F283A8C124044E6000B459AE /* Release */,
			);
			defaultConfigurationIsVisible = 0;
			defaultConfigurationName = Release;
		};
		F283A8C224044E6000B459AE /* Build configuration list for PBXNativeTarget "example-shoppe-ios" */ = {
			isa = XCConfigurationList;
			buildConfigurations = (
				F283A8C324044E6000B459AE /* Debug */,
				F283A8C424044E6000B459AE /* Release */,
			);
			defaultConfigurationIsVisible = 0;
			defaultConfigurationName = Release;
		};
		F283A8C524044E6000B459AE /* Build configuration list for PBXNativeTarget "example-shoppe-iosTests" */ = {
			isa = XCConfigurationList;
			buildConfigurations = (
				F283A8C624044E6000B459AE /* Debug */,
				F283A8C724044E6000B459AE /* Release */,
			);
			defaultConfigurationIsVisible = 0;
			defaultConfigurationName = Release;
		};
		F283A8C824044E6000B459AE /* Build configuration list for PBXNativeTarget "example-shoppe-iosUITests" */ = {
			isa = XCConfigurationList;
			buildConfigurations = (
				F283A8C924044E6000B459AE /* Debug */,
				F283A8CA24044E6000B459AE /* Release */,
			);
			defaultConfigurationIsVisible = 0;
			defaultConfigurationName = Release;
		};
/* End XCConfigurationList section */
	};
	rootObject = F283A89024044E5B00B459AE /* Project object */;
}
