PODS:
  - FullStory (1.12.1)

DEPENDENCIES:
  - "FullStory (from `{:http=>\"https://ios-releases.fullstory.com/fullstory-1.12.1.tar.gz\"}`)"

EXTERNAL SOURCES:
  FullStory:
    :http: https://ios-releases.fullstory.com/fullstory-1.12.1.tar.gz

CHECKOUT OPTIONS:
  FullStory:
    :http: https://ios-releases.fullstory.com/fullstory-1.12.1.tar.gz

SPEC CHECKSUMS:
  FullStory: a7c313aa5e9622d929fce86a4cdba620a0af2ae2

PODFILE CHECKSUM: 17c7e8bf8266f41c824543e6d0fcb3e25070b9ea

COCOAPODS: 1.10.1
